{
    "_readme": [
        "This file locks the dependencies of your project to a known state",
        "Read more about it at https://getcomposer.org/doc/01-basic-usage.md#installing-dependencies",
        "This file is @generated automatically"
    ],
    "content-hash": "63eebb1bf8f23a7ea22ccc0cce8a3866",
    "packages": [
        {
            "name": "icanboogie/inflector",
            "version": "v1.5.0",
            "source": {
                "type": "git",
                "url": "https://github.com/ICanBoogie/Inflector.git",
                "reference": "fb6ca7977f8a7ebb46aff0183ee868d798f77ab8"
            },
            "dist": {
                "type": "zip",
                "url": "https://api.github.com/repos/ICanBoogie/Inflector/zipball/fb6ca7977f8a7ebb46aff0183ee868d798f77ab8",
                "reference": "fb6ca7977f8a7ebb46aff0183ee868d798f77ab8",
                "shasum": ""
            },
            "require": {
                "ext-mbstring": "*",
                "php": ">=5.3.4"
            },
            "type": "library",
            "autoload": {
                "classmap": [
                    "lib/"
                ],
                "files": [
                    "lib/helpers.php"
                ]
            },
            "notification-url": "https://packagist.org/downloads/",
            "license": [
                "BSD-3-Clause"
            ],
            "authors": [
                {
                    "name": "Olivier Laviale",
                    "email": "olivier.laviale@gmail.com",
                    "homepage": "http://www.weirdog.com/",
                    "role": "Developer"
                }
            ],
            "description": "Multilingual inflector that transforms words from singular to plural, underscore to camel case, and more.",
            "homepage": "http://icanboogie.org/",
            "keywords": [
                "camelize",
                "hyphenate",
                "inflect",
                "multilingual",
                "pluralize",
                "singularize",
                "underscore"
            ],
            "time": "2019-05-21T19:05:31+00:00"
        },
        {
            "name": "powerbuoy/sleek-acf",
            "version": "v2.0.0",
            "source": {
                "type": "git",
                "url": "https://github.com/powerbuoy/sleek-acf.git",
                "reference": "92b5d3720e12ffb87e932c63f16d7dbe728ec8de"
            },
            "dist": {
                "type": "zip",
                "url": "https://api.github.com/repos/powerbuoy/sleek-acf/zipball/92b5d3720e12ffb87e932c63f16d7dbe728ec8de",
                "reference": "92b5d3720e12ffb87e932c63f16d7dbe728ec8de",
                "shasum": ""
            },
            "require": {
                "powerbuoy/sleek-utils": "^1.2.0"
            },
            "type": "library",
            "autoload": {
                "files": [
                    "sleek-acf.php"
                ]
            },
            "notification-url": "https://packagist.org/downloads/",
            "license": [
                "GPL-2.0-or-later"
            ],
            "authors": [
                {
                    "name": "Andreas Lagerkvist",
                    "email": "powerbuoy@gmail.com"
                }
            ],
            "time": "2020-03-06T11:53:33+00:00"
        },
        {
            "name": "powerbuoy/sleek-archive-filter",
            "version": "v2.0.0",
            "source": {
                "type": "git",
                "url": "https://github.com/powerbuoy/sleek-archive-filter.git",
                "reference": "a5f7aac9ffee0a8c25fd117e87018f75be2d8d22"
            },
            "dist": {
                "type": "zip",
                "url": "https://api.github.com/repos/powerbuoy/sleek-archive-filter/zipball/a5f7aac9ffee0a8c25fd117e87018f75be2d8d22",
                "reference": "a5f7aac9ffee0a8c25fd117e87018f75be2d8d22",
                "shasum": ""
            },
            "type": "library",
            "autoload": {
                "files": [
                    "sleek-archive-filter.php"
                ]
            },
            "notification-url": "https://packagist.org/downloads/",
            "license": [
                "GPL-2.0-or-later"
            ],
            "authors": [
                {
                    "name": "Andreas Lagerkvist",
                    "email": "powerbuoy@gmail.com"
                }
            ],
            "time": "2020-03-06T00:06:57+00:00"
        },
        {
            "name": "powerbuoy/sleek-archive-meta",
            "version": "v3.0.0",
            "source": {
                "type": "git",
                "url": "https://github.com/powerbuoy/sleek-archive-meta.git",
                "reference": "26a6581db9d10d014a3c1d2f29a28047abd0d75f"
            },
            "dist": {
                "type": "zip",
                "url": "https://api.github.com/repos/powerbuoy/sleek-archive-meta/zipball/26a6581db9d10d014a3c1d2f29a28047abd0d75f",
                "reference": "26a6581db9d10d014a3c1d2f29a28047abd0d75f",
                "shasum": ""
            },
            "require": {
                "powerbuoy/sleek-utils": "^1.0.0"
            },
            "type": "library",
            "autoload": {
                "files": [
                    "sleek-archive-meta.php"
                ]
            },
            "notification-url": "https://packagist.org/downloads/",
            "license": [
                "GPL-2.0-or-later"
            ],
            "authors": [
                {
                    "name": "Andreas Lagerkvist",
                    "email": "powerbuoy@gmail.com"
                }
            ],
            "time": "2020-03-06T13:30:02+00:00"
        },
        {
            "name": "powerbuoy/sleek-cleanup",
            "version": "v2.0.0",
            "source": {
                "type": "git",
                "url": "https://github.com/powerbuoy/sleek-cleanup.git",
                "reference": "0ff1142b7485ce0fc43afb821ce40f28726c2d31"
            },
            "dist": {
                "type": "zip",
                "url": "https://api.github.com/repos/powerbuoy/sleek-cleanup/zipball/0ff1142b7485ce0fc43afb821ce40f28726c2d31",
                "reference": "0ff1142b7485ce0fc43afb821ce40f28726c2d31",
                "shasum": ""
            },
            "type": "library",
            "autoload": {
                "files": [
                    "sleek-cleanup.php"
                ]
            },
            "notification-url": "https://packagist.org/downloads/",
            "license": [
                "GPL-2.0-or-later"
            ],
            "authors": [
                {
                    "name": "Andreas Lagerkvist",
                    "email": "powerbuoy@gmail.com"
                }
            ],
            "time": "2020-03-06T00:07:16+00:00"
        },
        {
            "name": "powerbuoy/sleek-core",
            "version": "v2.0.0",
            "source": {
                "type": "git",
                "url": "https://github.com/powerbuoy/sleek-core.git",
                "reference": "69dab11a41977df5be52cd6fde2e53933234992c"
            },
            "dist": {
                "type": "zip",
                "url": "https://api.github.com/repos/powerbuoy/sleek-core/zipball/69dab11a41977df5be52cd6fde2e53933234992c",
                "reference": "69dab11a41977df5be52cd6fde2e53933234992c",
                "shasum": ""
            },
            "type": "library",
            "autoload": {
                "files": [
                    "sleek-core.php"
                ]
            },
            "notification-url": "https://packagist.org/downloads/",
            "license": [
                "GPL-2.0-or-later"
            ],
            "authors": [
                {
                    "name": "Andreas Lagerkvist",
                    "email": "powerbuoy@gmail.com"
                }
            ],
            "time": "2020-03-06T00:07:31+00:00"
        },
        {
            "name": "powerbuoy/sleek-custom-logo",
            "version": "v2.0.0",
            "source": {
                "type": "git",
                "url": "https://github.com/powerbuoy/sleek-custom-logo.git",
                "reference": "b6c998ecd7b7cd31793761a3a0272a02b25c263c"
            },
            "dist": {
                "type": "zip",
                "url": "https://api.github.com/repos/powerbuoy/sleek-custom-logo/zipball/b6c998ecd7b7cd31793761a3a0272a02b25c263c",
                "reference": "b6c998ecd7b7cd31793761a3a0272a02b25c263c",
                "shasum": ""
            },
            "type": "library",
            "autoload": {
                "files": [
                    "sleek-custom-logo.php"
                ]
            },
            "notification-url": "https://packagist.org/downloads/",
            "license": [
                "GPL-2.0-or-later"
            ],
            "authors": [
                {
                    "name": "Andreas Lagerkvist",
                    "email": "powerbuoy@gmail.com"
                }
            ],
            "time": "2020-03-06T13:30:29+00:00"
        },
        {
            "name": "powerbuoy/sleek-gallery",
            "version": "v2.0.0",
            "source": {
                "type": "git",
                "url": "https://github.com/powerbuoy/sleek-gallery.git",
                "reference": "fab654b9195fa38e2aa9a5180b92febf9483b383"
            },
            "dist": {
                "type": "zip",
                "url": "https://api.github.com/repos/powerbuoy/sleek-gallery/zipball/fab654b9195fa38e2aa9a5180b92febf9483b383",
                "reference": "fab654b9195fa38e2aa9a5180b92febf9483b383",
                "shasum": ""
            },
            "require": {
                "powerbuoy/sleek-utils": "^1.0.0"
            },
            "type": "library",
            "autoload": {
                "files": [
                    "sleek-gallery.php"
                ]
            },
            "notification-url": "https://packagist.org/downloads/",
            "license": [
                "GPL-2.0-or-later"
            ],
            "authors": [
                {
                    "name": "Andreas Lagerkvist",
                    "email": "powerbuoy@gmail.com"
                }
            ],
            "time": "2020-03-06T00:08:09+00:00"
        },
        {
            "name": "powerbuoy/sleek-google-maps",
            "version": "v2.1.0",
            "source": {
                "type": "git",
                "url": "https://github.com/powerbuoy/sleek-google-maps.git",
                "reference": "f23b9ab71885390a2130adf265b0dcb94827f7f4"
            },
            "dist": {
                "type": "zip",
                "url": "https://api.github.com/repos/powerbuoy/sleek-google-maps/zipball/f23b9ab71885390a2130adf265b0dcb94827f7f4",
                "reference": "f23b9ab71885390a2130adf265b0dcb94827f7f4",
                "shasum": ""
            },
            "require": {
                "powerbuoy/sleek-settings": "^1.0.0"
            },
            "type": "library",
            "autoload": {
                "files": [
                    "sleek-google-maps.php"
                ]
            },
            "notification-url": "https://packagist.org/downloads/",
            "license": [
                "GPL-2.0-or-later"
            ],
            "authors": [
                {
                    "name": "Andreas Lagerkvist",
                    "email": "powerbuoy@gmail.com"
                }
            ],
            "time": "2020-03-06T00:08:30+00:00"
        },
        {
            "name": "powerbuoy/sleek-google-search",
            "version": "v1.1.0",
            "source": {
                "type": "git",
                "url": "https://github.com/powerbuoy/sleek-google-search.git",
                "reference": "fae81ab0ae63ec7aa678685b926caaad3b4a273c"
            },
            "dist": {
                "type": "zip",
                "url": "https://api.github.com/repos/powerbuoy/sleek-google-search/zipball/fae81ab0ae63ec7aa678685b926caaad3b4a273c",
                "reference": "fae81ab0ae63ec7aa678685b926caaad3b4a273c",
                "shasum": ""
            },
            "require": {
                "powerbuoy/sleek-settings": "^1.0.0"
            },
            "type": "library",
            "autoload": {
                "files": [
                    "sleek-google-search.php"
                ]
            },
            "notification-url": "https://packagist.org/downloads/",
            "license": [
                "GPL-2.0-or-later"
            ],
            "authors": [
                {
                    "name": "Andreas Lagerkvist",
                    "email": "powerbuoy@gmail.com"
                }
            ],
            "time": "2020-03-06T10:47:52+00:00"
        },
        {
            "name": "powerbuoy/sleek-image-sizes",
            "version": "v1.1.0",
            "source": {
                "type": "git",
                "url": "https://github.com/powerbuoy/sleek-image-sizes.git",
                "reference": "244af52211542c8af4cc0194aed14dbedc7e0c81"
            },
            "dist": {
                "type": "zip",
                "url": "https://api.github.com/repos/powerbuoy/sleek-image-sizes/zipball/244af52211542c8af4cc0194aed14dbedc7e0c81",
                "reference": "244af52211542c8af4cc0194aed14dbedc7e0c81",
                "shasum": ""
            },
            "type": "library",
            "autoload": {
                "files": [
                    "sleek-image-sizes.php"
                ]
            },
            "notification-url": "https://packagist.org/downloads/",
            "license": [
                "GPL-2.0-or-later"
            ],
            "authors": [
                {
                    "name": "Andreas Lagerkvist",
                    "email": "powerbuoy@gmail.com"
                }
            ],
            "time": "2020-03-06T13:30:43+00:00"
        },
        {
            "name": "powerbuoy/sleek-login",
            "version": "v2.0.0",
            "source": {
                "type": "git",
                "url": "https://github.com/powerbuoy/sleek-login.git",
                "reference": "de5d046f68fb746e06afbb6fac3a239915bfed4c"
            },
            "dist": {
                "type": "zip",
                "url": "https://api.github.com/repos/powerbuoy/sleek-login/zipball/de5d046f68fb746e06afbb6fac3a239915bfed4c",
                "reference": "de5d046f68fb746e06afbb6fac3a239915bfed4c",
                "shasum": ""
            },
            "type": "library",
            "autoload": {
                "files": [
                    "sleek-login.php"
                ]
            },
            "notification-url": "https://packagist.org/downloads/",
            "license": [
                "GPL-2.0-or-later"
            ],
            "authors": [
                {
                    "name": "Andreas Lagerkvist",
                    "email": "powerbuoy@gmail.com"
                }
            ],
            "time": "2020-03-06T11:35:10+00:00"
        },
        {
            "name": "powerbuoy/sleek-menu",
            "version": "v1.1.0",
            "source": {
                "type": "git",
                "url": "https://github.com/powerbuoy/sleek-menu.git",
                "reference": "7c9789e3914b9eed5097540453619f910bcbb530"
            },
            "dist": {
                "type": "zip",
                "url": "https://api.github.com/repos/powerbuoy/sleek-menu/zipball/7c9789e3914b9eed5097540453619f910bcbb530",
                "reference": "7c9789e3914b9eed5097540453619f910bcbb530",
                "shasum": ""
            },
            "type": "library",
            "autoload": {
                "files": [
                    "sleek-menu.php"
                ]
            },
            "notification-url": "https://packagist.org/downloads/",
            "license": [
                "GPL-2.0-or-later"
            ],
            "authors": [
                {
                    "name": "Andreas Lagerkvist",
                    "email": "powerbuoy@gmail.com"
                }
            ],
            "time": "2020-03-06T11:54:05+00:00"
        },
        {
            "name": "powerbuoy/sleek-modules",
            "version": "v3.0.0",
            "source": {
                "type": "git",
                "url": "https://github.com/powerbuoy/sleek-modules.git",
                "reference": "81810177300b93955a679a6f045dcf92780f0bda"
            },
            "dist": {
                "type": "zip",
                "url": "https://api.github.com/repos/powerbuoy/sleek-modules/zipball/81810177300b93955a679a6f045dcf92780f0bda",
                "reference": "81810177300b93955a679a6f045dcf92780f0bda",
                "shasum": ""
            },
            "require": {
                "powerbuoy/sleek-utils": "^1.0.0"
            },
            "type": "library",
            "autoload": {
                "files": [
                    "sleek-module.php",
                    "sleek-modules.php"
                ]
            },
            "notification-url": "https://packagist.org/downloads/",
            "license": [
                "GPL-2.0-or-later"
            ],
            "authors": [
                {
                    "name": "Andreas Lagerkvist",
                    "email": "powerbuoy@gmail.com"
                }
            ],
            "time": "2020-03-08T16:28:08+00:00"
        },
        {
            "name": "powerbuoy/sleek-notices",
            "version": "v2.0.0",
            "source": {
                "type": "git",
                "url": "https://github.com/powerbuoy/sleek-notices.git",
                "reference": "be4019aaa8107cd7a93091bdff6dee659375bf80"
            },
            "dist": {
                "type": "zip",
                "url": "https://api.github.com/repos/powerbuoy/sleek-notices/zipball/be4019aaa8107cd7a93091bdff6dee659375bf80",
                "reference": "be4019aaa8107cd7a93091bdff6dee659375bf80",
                "shasum": ""
            },
            "require": {
                "powerbuoy/sleek-settings": "^1.0.0"
            },
            "type": "library",
            "autoload": {
                "files": [
                    "sleek-notices.php"
                ]
            },
            "notification-url": "https://packagist.org/downloads/",
            "license": [
                "GPL-2.0-or-later"
            ],
            "authors": [
                {
                    "name": "Andreas Lagerkvist",
                    "email": "powerbuoy@gmail.com"
                }
            ],
            "time": "2020-03-06T11:52:57+00:00"
        },
        {
            "name": "powerbuoy/sleek-post-types",
            "version": "v5.0.0",
            "source": {
                "type": "git",
                "url": "https://github.com/powerbuoy/sleek-post-types.git",
                "reference": "9efa4f5577fb113027588b0df5bd011c5d3c3e12"
            },
            "dist": {
                "type": "zip",
                "url": "https://api.github.com/repos/powerbuoy/sleek-post-types/zipball/9efa4f5577fb113027588b0df5bd011c5d3c3e12",
                "reference": "9efa4f5577fb113027588b0df5bd011c5d3c3e12",
                "shasum": ""
            },
            "require": {
                "powerbuoy/sleek-acf": "^2.0.0",
                "powerbuoy/sleek-modules": "^3.0.0",
                "powerbuoy/sleek-utils": "^1.0.0"
            },
            "type": "library",
            "autoload": {
                "files": [
                    "sleek-post-type.php",
                    "sleek-post-types.php"
                ]
            },
            "notification-url": "https://packagist.org/downloads/",
            "license": [
                "GPL-2.0-or-later"
            ],
            "authors": [
                {
                    "name": "Andreas Lagerkvist",
                    "email": "powerbuoy@gmail.com"
                }
            ],
            "time": "2020-03-08T21:02:27+00:00"
        },
        {
            "name": "powerbuoy/sleek-settings",
            "version": "v1.1.0",
            "source": {
                "type": "git",
                "url": "https://github.com/powerbuoy/sleek-settings.git",
                "reference": "fd4dee66ab2f61ffbb824c85ba6b77d3004c8b32"
            },
            "dist": {
                "type": "zip",
                "url": "https://api.github.com/repos/powerbuoy/sleek-settings/zipball/fd4dee66ab2f61ffbb824c85ba6b77d3004c8b32",
                "reference": "fd4dee66ab2f61ffbb824c85ba6b77d3004c8b32",
                "shasum": ""
            },
            "require": {
                "powerbuoy/sleek-utils": "^1.0.0"
            },
            "type": "library",
            "autoload": {
                "files": [
                    "sleek-settings.php"
                ]
            },
            "notification-url": "https://packagist.org/downloads/",
            "license": [
                "GPL-2.0-or-later"
            ],
            "authors": [
                {
                    "name": "Andreas Lagerkvist",
                    "email": "powerbuoy@gmail.com"
                }
            ],
            "time": "2020-03-06T13:33:31+00:00"
        },
        {
            "name": "powerbuoy/sleek-tinymce",
            "version": "v2.0.0",
            "source": {
                "type": "git",
                "url": "https://github.com/powerbuoy/sleek-tinymce.git",
                "reference": "cd4346157033250ba3471740f883b8e8092a4e83"
            },
            "dist": {
                "type": "zip",
                "url": "https://api.github.com/repos/powerbuoy/sleek-tinymce/zipball/cd4346157033250ba3471740f883b8e8092a4e83",
                "reference": "cd4346157033250ba3471740f883b8e8092a4e83",
                "shasum": ""
            },
            "type": "library",
            "autoload": {
                "files": [
                    "sleek-tinymce.php"
                ]
            },
            "notification-url": "https://packagist.org/downloads/",
            "license": [
                "GPL-2.0-or-later"
            ],
            "authors": [
                {
                    "name": "Andreas Lagerkvist",
                    "email": "powerbuoy@gmail.com"
                }
            ],
            "time": "2020-03-06T00:09:05+00:00"
        },
        {
            "name": "powerbuoy/sleek-utils",
            "version": "v1.3.0",
            "source": {
                "type": "git",
                "url": "https://github.com/powerbuoy/sleek-utils.git",
                "reference": "0d3829d77da369d69aa0fbd5b2916cbcbbd28163"
            },
            "dist": {
                "type": "zip",
                "url": "https://api.github.com/repos/powerbuoy/sleek-utils/zipball/0d3829d77da369d69aa0fbd5b2916cbcbbd28163",
                "reference": "0d3829d77da369d69aa0fbd5b2916cbcbbd28163",
                "shasum": ""
            },
            "require": {
                "icanboogie/inflector": "^1.5"
            },
            "type": "library",
            "autoload": {
                "files": [
                    "sleek-utils.php"
                ]
            },
            "notification-url": "https://packagist.org/downloads/",
            "license": [
                "GPL-2.0-or-later"
            ],
            "authors": [
                {
                    "name": "Andreas Lagerkvist",
                    "email": "powerbuoy@gmail.com"
                }
            ],
            "time": "2020-03-06T11:41:15+00:00"
        }
    ],
    "packages-dev": [],
    "aliases": [],
    "minimum-stability": "stable",
    "stability-flags": [],
    "prefer-stable": false,
    "prefer-lowest": false,
    "platform": [],
    "platform-dev": []
}
