{
    "_readme": [
        "This file locks the dependencies of your project to a known state",
        "Read more about it at https://getcomposer.org/doc/01-basic-usage.md#installing-dependencies",
        "This file is @generated automatically"
    ],
    "content-hash": "86259ed5fb7252387d61f5ae6c7204df",
    "packages": [
        {
            "name": "icanboogie/inflector",
            "version": "v2.0.0",
            "source": {
                "type": "git",
                "url": "https://github.com/ICanBoogie/Inflector.git",
                "reference": "9fa7e8fcf7a6ac06257ae77e9aa2ec90925b4327"
            },
            "dist": {
                "type": "zip",
                "url": "https://api.github.com/repos/ICanBoogie/Inflector/zipball/9fa7e8fcf7a6ac06257ae77e9aa2ec90925b4327",
                "reference": "9fa7e8fcf7a6ac06257ae77e9aa2ec90925b4327",
                "shasum": ""
            },
            "require": {
                "ext-mbstring": "*",
                "php": ">=7.1"
            },
            "type": "library",
            "autoload": {
                "classmap": [
                    "lib/"
                ],
                "files": [
                    "lib/helpers.php"
                ]
            },
            "notification-url": "https://packagist.org/downloads/",
            "license": [
                "BSD-3-Clause"
            ],
            "authors": [
                {
                    "name": "Olivier Laviale",
                    "email": "olivier.laviale@gmail.com",
                    "homepage": "http://www.weirdog.com/",
                    "role": "Developer"
                }
            ],
            "description": "Multilingual inflector that transforms words from singular to plural, underscore to camel case, and more.",
            "homepage": "http://icanboogie.org/",
            "keywords": [
                "camelize",
                "hyphenate",
                "inflect",
                "multilingual",
                "pluralize",
                "singularize",
                "underscore"
            ],
            "time": "2019-10-04T09:43:33+00:00"
        },
        {
            "name": "powerbuoy/sleek-acf",
            "version": "v2.2.0",
            "source": {
                "type": "git",
                "url": "https://github.com/powerbuoy/sleek-acf.git",
                "reference": "3760a619db70c1d46c4b28f9dc426912677ef9df"
            },
            "dist": {
                "type": "zip",
                "url": "https://api.github.com/repos/powerbuoy/sleek-acf/zipball/3760a619db70c1d46c4b28f9dc426912677ef9df",
                "reference": "3760a619db70c1d46c4b28f9dc426912677ef9df",
                "shasum": ""
            },
            "require": {
                "powerbuoy/sleek-utils": "^1.2.0"
            },
            "type": "library",
            "autoload": {
                "files": [
                    "sleek-acf.php"
                ]
            },
            "notification-url": "https://packagist.org/downloads/",
            "license": [
                "GPL-2.0-or-later"
            ],
            "authors": [
                {
                    "name": "Andreas Lagerkvist",
                    "email": "powerbuoy@gmail.com"
                }
            ],
            "description": "Improves ACF in a number of ways like nicer flexible content titles, collapsed flexible content layouts, better looking relationship field and more.",
            "time": "2020-05-05T12:16:23+00:00"
        },
        {
            "name": "powerbuoy/sleek-archive-filter",
            "version": "v2.1.1",
            "source": {
                "type": "git",
                "url": "https://github.com/powerbuoy/sleek-archive-filter.git",
                "reference": "f0caeed915f66c530f2516ba837c6c57a25d6b0c"
            },
            "dist": {
                "type": "zip",
                "url": "https://api.github.com/repos/powerbuoy/sleek-archive-filter/zipball/f0caeed915f66c530f2516ba837c6c57a25d6b0c",
                "reference": "f0caeed915f66c530f2516ba837c6c57a25d6b0c",
                "shasum": ""
            },
            "type": "library",
            "autoload": {
                "files": [
                    "sleek-archive-filter.php"
                ]
            },
            "notification-url": "https://packagist.org/downloads/",
            "license": [
                "GPL-2.0-or-later"
            ],
            "authors": [
                {
                    "name": "Andreas Lagerkvist",
                    "email": "powerbuoy@gmail.com"
                }
            ],
            "description": "Adds the ability to filter posts in an archive using GET params.",
            "time": "2020-04-27T11:15:03+00:00"
        },
        {
            "name": "powerbuoy/sleek-archive-meta",
            "version": "v3.2.0",
            "source": {
                "type": "git",
                "url": "https://github.com/powerbuoy/sleek-archive-meta.git",
                "reference": "be5e5a248bdbb35e1294d4e382f99d90aeb6f3e0"
            },
            "dist": {
                "type": "zip",
                "url": "https://api.github.com/repos/powerbuoy/sleek-archive-meta/zipball/be5e5a248bdbb35e1294d4e382f99d90aeb6f3e0",
                "reference": "be5e5a248bdbb35e1294d4e382f99d90aeb6f3e0",
                "shasum": ""
            },
            "require": {
                "powerbuoy/sleek-utils": "^1.0.0"
            },
            "type": "library",
            "autoload": {
                "files": [
                    "sleek-archive-meta.php"
                ]
            },
            "notification-url": "https://packagist.org/downloads/",
            "license": [
                "GPL-2.0-or-later"
            ],
            "authors": [
                {
                    "name": "Andreas Lagerkvist",
                    "email": "powerbuoy@gmail.com"
                }
            ],
            "description": "Hooks into the the_archive_title() and the_archive_description() functions to provide better search results texts, remove prefixes and more.",
            "time": "2020-04-27T10:24:07+00:00"
        },
        {
            "name": "powerbuoy/sleek-cleanup",
            "version": "v3.0.0",
            "source": {
                "type": "git",
                "url": "https://github.com/powerbuoy/sleek-cleanup.git",
                "reference": "d9dd2c7db4cca70da7dcced48722fb767d10dc53"
            },
            "dist": {
                "type": "zip",
                "url": "https://api.github.com/repos/powerbuoy/sleek-cleanup/zipball/d9dd2c7db4cca70da7dcced48722fb767d10dc53",
                "reference": "d9dd2c7db4cca70da7dcced48722fb767d10dc53",
                "shasum": ""
            },
            "type": "library",
            "autoload": {
                "files": [
                    "sleek-cleanup.php"
                ]
            },
            "notification-url": "https://packagist.org/downloads/",
            "license": [
                "GPL-2.0-or-later"
            ],
            "authors": [
                {
                    "name": "Andreas Lagerkvist",
                    "email": "powerbuoy@gmail.com"
                }
            ],
            "description": "Cleans up a bunch of unnecessary WordPress stuff like inline emoji code, gallery markup and more.",
            "time": "2020-06-25T11:20:43+00:00"
        },
        {
            "name": "powerbuoy/sleek-core",
            "version": "v2.2.0",
            "source": {
                "type": "git",
                "url": "https://github.com/powerbuoy/sleek-core.git",
                "reference": "f5efd13cca07f1655b230b440872c1f7eccc0410"
            },
            "dist": {
                "type": "zip",
                "url": "https://api.github.com/repos/powerbuoy/sleek-core/zipball/f5efd13cca07f1655b230b440872c1f7eccc0410",
                "reference": "f5efd13cca07f1655b230b440872c1f7eccc0410",
                "shasum": ""
            },
            "type": "library",
            "autoload": {
                "files": [
                    "sleek-core.php"
                ]
            },
            "notification-url": "https://packagist.org/downloads/",
            "license": [
                "GPL-2.0-or-later"
            ],
            "authors": [
                {
                    "name": "Andreas Lagerkvist",
                    "email": "powerbuoy@gmail.com"
                }
            ],
            "description": "Adds a bunch of theme support, includes translation files, enqueues scripts etc etc.",
            "time": "2020-05-05T12:25:44+00:00"
        },
        {
            "name": "powerbuoy/sleek-custom-logo",
            "version": "v2.2.0",
            "source": {
                "type": "git",
                "url": "https://github.com/powerbuoy/sleek-custom-logo.git",
                "reference": "b9f9070499ac2f6c78f4fcd5586ba02e50b88ece"
            },
            "dist": {
                "type": "zip",
                "url": "https://api.github.com/repos/powerbuoy/sleek-custom-logo/zipball/b9f9070499ac2f6c78f4fcd5586ba02e50b88ece",
                "reference": "b9f9070499ac2f6c78f4fcd5586ba02e50b88ece",
                "shasum": ""
            },
            "type": "library",
            "autoload": {
                "files": [
                    "sleek-custom-logo.php"
                ]
            },
            "notification-url": "https://packagist.org/downloads/",
            "license": [
                "GPL-2.0-or-later"
            ],
            "authors": [
                {
                    "name": "Andreas Lagerkvist",
                    "email": "powerbuoy@gmail.com"
                }
            ],
            "description": "Hooks into the_custom_logo() and improves it.",
            "time": "2020-05-29T08:53:49+00:00"
        },
        {
            "name": "powerbuoy/sleek-gallery",
            "version": "v3.0.3",
            "source": {
                "type": "git",
                "url": "https://github.com/powerbuoy/sleek-gallery.git",
                "reference": "7000c2464b45445ba00163340e612ff192a68361"
            },
            "dist": {
                "type": "zip",
                "url": "https://api.github.com/repos/powerbuoy/sleek-gallery/zipball/7000c2464b45445ba00163340e612ff192a68361",
                "reference": "7000c2464b45445ba00163340e612ff192a68361",
                "shasum": ""
            },
            "require": {
                "powerbuoy/sleek-utils": "^1.0.0"
            },
            "type": "library",
            "autoload": {
                "files": [
                    "sleek-gallery.php"
                ]
            },
            "notification-url": "https://packagist.org/downloads/",
            "license": [
                "GPL-2.0-or-later"
            ],
            "authors": [
                {
                    "name": "Andreas Lagerkvist",
                    "email": "powerbuoy@gmail.com"
                }
            ],
            "description": "Improves media and gallery related output like the default gallery markup, wraps captioned images in figure/figcaption, removes gallery CSS and more.",
            "time": "2020-07-28T07:50:43+00:00"
        },
        {
            "name": "powerbuoy/sleek-google-maps",
            "version": "v2.3.0",
            "source": {
                "type": "git",
                "url": "https://github.com/powerbuoy/sleek-google-maps.git",
                "reference": "01a67b53022f8480aa0fe7446b0974ed02599214"
            },
            "dist": {
                "type": "zip",
                "url": "https://api.github.com/repos/powerbuoy/sleek-google-maps/zipball/01a67b53022f8480aa0fe7446b0974ed02599214",
                "reference": "01a67b53022f8480aa0fe7446b0974ed02599214",
                "shasum": ""
            },
            "require": {
                "powerbuoy/sleek-settings": "^1.0.0"
            },
            "type": "library",
            "autoload": {
                "files": [
                    "sleek-google-maps.php"
                ]
            },
            "notification-url": "https://packagist.org/downloads/",
            "license": [
                "GPL-2.0-or-later"
            ],
            "authors": [
                {
                    "name": "Andreas Lagerkvist",
                    "email": "powerbuoy@gmail.com"
                }
            ],
            "description": "Adds a 'Google Maps API Key' setting to the admin.",
            "time": "2020-03-12T21:47:11+00:00"
        },
        {
            "name": "powerbuoy/sleek-google-search",
            "version": "v1.2.0",
            "source": {
                "type": "git",
                "url": "https://github.com/powerbuoy/sleek-google-search.git",
                "reference": "248b9c4c971bc8a2afbe503070f62759efa099c3"
            },
            "dist": {
                "type": "zip",
                "url": "https://api.github.com/repos/powerbuoy/sleek-google-search/zipball/248b9c4c971bc8a2afbe503070f62759efa099c3",
                "reference": "248b9c4c971bc8a2afbe503070f62759efa099c3",
                "shasum": ""
            },
            "require": {
                "powerbuoy/sleek-settings": "^1.0.0"
            },
            "type": "library",
            "autoload": {
                "files": [
                    "sleek-google-search.php"
                ]
            },
            "notification-url": "https://packagist.org/downloads/",
            "license": [
                "GPL-2.0-or-later"
            ],
            "authors": [
                {
                    "name": "Andreas Lagerkvist",
                    "email": "powerbuoy@gmail.com"
                }
            ],
            "description": "Under construction.",
            "time": "2020-03-09T10:07:40+00:00"
        },
        {
            "name": "powerbuoy/sleek-image-sizes",
            "version": "v1.2.0",
            "source": {
                "type": "git",
                "url": "https://github.com/powerbuoy/sleek-image-sizes.git",
                "reference": "487e22cec1604afafa2d43e801453a700ea66cd4"
            },
            "dist": {
                "type": "zip",
                "url": "https://api.github.com/repos/powerbuoy/sleek-image-sizes/zipball/487e22cec1604afafa2d43e801453a700ea66cd4",
                "reference": "487e22cec1604afafa2d43e801453a700ea66cd4",
                "shasum": ""
            },
            "type": "library",
            "autoload": {
                "files": [
                    "sleek-image-sizes.php"
                ]
            },
            "notification-url": "https://packagist.org/downloads/",
            "license": [
                "GPL-2.0-or-later"
            ],
            "authors": [
                {
                    "name": "Andreas Lagerkvist",
                    "email": "powerbuoy@gmail.com"
                }
            ],
            "description": "Utility functions for registering WordPress image sizes.",
            "time": "2020-03-09T10:08:09+00:00"
        },
        {
            "name": "powerbuoy/sleek-login",
            "version": "v2.3.0",
            "source": {
                "type": "git",
                "url": "https://github.com/powerbuoy/sleek-login.git",
                "reference": "9a22ea3cd6c8a4aae1599a5bd295e4b014b1e5aa"
            },
            "dist": {
                "type": "zip",
                "url": "https://api.github.com/repos/powerbuoy/sleek-login/zipball/9a22ea3cd6c8a4aae1599a5bd295e4b014b1e5aa",
                "reference": "9a22ea3cd6c8a4aae1599a5bd295e4b014b1e5aa",
                "shasum": ""
            },
            "type": "library",
            "autoload": {
                "files": [
                    "sleek-login.php"
                ]
            },
            "notification-url": "https://packagist.org/downloads/",
            "license": [
                "GPL-2.0-or-later"
            ],
            "authors": [
                {
                    "name": "Andreas Lagerkvist",
                    "email": "powerbuoy@gmail.com"
                }
            ],
            "description": "Improves the login screen and hides admin bar from subscribers, also redirects them to the home page upon login.",
            "time": "2020-04-09T11:57:55+00:00"
        },
        {
            "name": "powerbuoy/sleek-menu",
            "version": "v1.2.0",
            "source": {
                "type": "git",
                "url": "https://github.com/powerbuoy/sleek-menu.git",
                "reference": "9929f510ba8ab6bc20f8ef9dd1224096a11ca8d5"
            },
            "dist": {
                "type": "zip",
                "url": "https://api.github.com/repos/powerbuoy/sleek-menu/zipball/9929f510ba8ab6bc20f8ef9dd1224096a11ca8d5",
                "reference": "9929f510ba8ab6bc20f8ef9dd1224096a11ca8d5",
                "shasum": ""
            },
            "type": "library",
            "autoload": {
                "files": [
                    "sleek-menu.php"
                ]
            },
            "notification-url": "https://packagist.org/downloads/",
            "license": [
                "GPL-2.0-or-later"
            ],
            "authors": [
                {
                    "name": "Andreas Lagerkvist",
                    "email": "powerbuoy@gmail.com"
                }
            ],
            "description": "Cleans up the menu HTML by removing IDs and redundant classes. Also fixes active-classes on post type and taxonomy archives.",
            "time": "2020-03-09T10:12:14+00:00"
        },
        {
            "name": "powerbuoy/sleek-modules",
            "version": "v5.3.0",
            "source": {
                "type": "git",
                "url": "https://github.com/powerbuoy/sleek-modules.git",
                "reference": "a0922d96fa78520aec927794a91e07f43cada514"
            },
            "dist": {
                "type": "zip",
                "url": "https://api.github.com/repos/powerbuoy/sleek-modules/zipball/a0922d96fa78520aec927794a91e07f43cada514",
                "reference": "a0922d96fa78520aec927794a91e07f43cada514",
                "shasum": ""
            },
            "require": {
                "powerbuoy/sleek-utils": "^1.0.0"
            },
            "type": "library",
            "autoload": {
                "files": [
                    "sleek-module.php",
                    "sleek-modules.php"
                ]
            },
            "notification-url": "https://packagist.org/downloads/",
            "license": [
                "GPL-2.0-or-later"
            ],
            "authors": [
                {
                    "name": "Andreas Lagerkvist",
                    "email": "powerbuoy@gmail.com"
                }
            ],
            "description": "Create modules by creating classes in /modules/.",
            "time": "2020-06-23T13:00:36+00:00"
        },
        {
            "name": "powerbuoy/sleek-notices",
            "version": "v2.2.1",
            "source": {
                "type": "git",
                "url": "https://github.com/powerbuoy/sleek-notices.git",
                "reference": "2825994a8fdf5ebb41abc36febc26fd43c2d1dbe"
            },
            "dist": {
                "type": "zip",
                "url": "https://api.github.com/repos/powerbuoy/sleek-notices/zipball/2825994a8fdf5ebb41abc36febc26fd43c2d1dbe",
                "reference": "2825994a8fdf5ebb41abc36febc26fd43c2d1dbe",
                "shasum": ""
            },
            "require": {
                "powerbuoy/sleek-settings": "^1.0.0"
            },
            "type": "library",
            "autoload": {
                "files": [
                    "sleek-notices.php"
                ]
            },
            "notification-url": "https://packagist.org/downloads/",
            "license": [
                "GPL-2.0-or-later"
            ],
            "authors": [
                {
                    "name": "Andreas Lagerkvist",
                    "email": "powerbuoy@gmail.com"
                }
            ],
            "description": "Adds settings to Settings -> Sleek to display various notices on the site.",
            "time": "2020-04-27T11:53:36+00:00"
        },
        {
            "name": "powerbuoy/sleek-post-types",
            "version": "v6.2.1",
            "source": {
                "type": "git",
                "url": "https://github.com/powerbuoy/sleek-post-types.git",
                "reference": "e8b41b5ee5e9a7a44222313391a059d34739839b"
            },
            "dist": {
                "type": "zip",
                "url": "https://api.github.com/repos/powerbuoy/sleek-post-types/zipball/e8b41b5ee5e9a7a44222313391a059d34739839b",
                "reference": "e8b41b5ee5e9a7a44222313391a059d34739839b",
                "shasum": ""
            },
            "require": {
                "powerbuoy/sleek-acf": "^2.0.0",
                "powerbuoy/sleek-modules": "^5.0.0",
                "powerbuoy/sleek-utils": "^1.0.0"
            },
            "type": "library",
            "autoload": {
                "files": [
                    "sleek-post-type.php",
                    "sleek-post-types.php"
                ]
            },
            "notification-url": "https://packagist.org/downloads/",
            "license": [
                "GPL-2.0-or-later"
            ],
            "authors": [
                {
                    "name": "Andreas Lagerkvist",
                    "email": "powerbuoy@gmail.com"
                }
            ],
            "description": "Create post types by creating classes in /post-types/.",
            "time": "2020-05-15T10:38:32+00:00"
        },
        {
            "name": "powerbuoy/sleek-settings",
            "version": "v1.2.0",
            "source": {
                "type": "git",
                "url": "https://github.com/powerbuoy/sleek-settings.git",
                "reference": "fa7b67dac075bb979a226e3222ef91f250cef14c"
            },
            "dist": {
                "type": "zip",
                "url": "https://api.github.com/repos/powerbuoy/sleek-settings/zipball/fa7b67dac075bb979a226e3222ef91f250cef14c",
                "reference": "fa7b67dac075bb979a226e3222ef91f250cef14c",
                "shasum": ""
            },
            "require": {
                "powerbuoy/sleek-utils": "^1.0.0"
            },
            "type": "library",
            "autoload": {
                "files": [
                    "sleek-settings.php"
                ]
            },
            "notification-url": "https://packagist.org/downloads/",
            "license": [
                "GPL-2.0-or-later"
            ],
            "authors": [
                {
                    "name": "Andreas Lagerkvist",
                    "email": "powerbuoy@gmail.com"
                }
            ],
            "description": "Adds an options page to the admin (Settings -> Sleek) with some built-in settings.",
            "time": "2020-03-09T10:14:09+00:00"
        },
        {
            "name": "powerbuoy/sleek-tinymce",
            "version": "v2.1.0",
            "source": {
                "type": "git",
                "url": "https://github.com/powerbuoy/sleek-tinymce.git",
                "reference": "15ac2f34706ea659e527abb3b33af4c21ae6ff66"
            },
            "dist": {
                "type": "zip",
                "url": "https://api.github.com/repos/powerbuoy/sleek-tinymce/zipball/15ac2f34706ea659e527abb3b33af4c21ae6ff66",
                "reference": "15ac2f34706ea659e527abb3b33af4c21ae6ff66",
                "shasum": ""
            },
            "type": "library",
            "autoload": {
                "files": [
                    "sleek-tinymce.php"
                ]
            },
            "notification-url": "https://packagist.org/downloads/",
            "license": [
                "GPL-2.0-or-later"
            ],
            "authors": [
                {
                    "name": "Andreas Lagerkvist",
                    "email": "powerbuoy@gmail.com"
                }
            ],
            "description": "Improves the TinyMCE editor.",
            "time": "2020-03-09T10:14:40+00:00"
        },
        {
            "name": "powerbuoy/sleek-utils",
            "version": "v1.7.0",
            "source": {
                "type": "git",
                "url": "https://github.com/powerbuoy/sleek-utils.git",
                "reference": "354eb48234b276edee59a074d339efdd5cd3e327"
            },
            "dist": {
                "type": "zip",
                "url": "https://api.github.com/repos/powerbuoy/sleek-utils/zipball/354eb48234b276edee59a074d339efdd5cd3e327",
                "reference": "354eb48234b276edee59a074d339efdd5cd3e327",
                "shasum": ""
            },
            "require": {
                "icanboogie/inflector": "^2.0"
            },
            "type": "library",
            "autoload": {
                "files": [
                    "sleek-utils.php"
                ]
            },
            "notification-url": "https://packagist.org/downloads/",
            "license": [
                "GPL-2.0-or-later"
            ],
            "authors": [
                {
                    "name": "Andreas Lagerkvist",
                    "email": "powerbuoy@gmail.com"
                }
            ],
            "description": "Utility functions used internally by Sleek. Please check the code for documentation.",
            "time": "2020-06-02T09:25:37+00:00"
        }
    ],
    "packages-dev": [],
    "aliases": [],
    "minimum-stability": "stable",
    "stability-flags": [],
    "prefer-stable": false,
    "prefer-lowest": false,
    "platform": [],
    "platform-dev": []
}
